
Microsoft Visual Studio Solution File, Format Version 12.00
# Visual Studio Version 17
VisualStudioVersion = 17.9.34607.119
MinimumVisualStudioVersion = 10.0.40219.1
Project("{2150E333-8FDC-42A3-9474-1A3956D46DE8}") = "FlemStudio", "FlemStudio", "{C1D0A7A6-6AD7-4F66-B18D-12B41C92EE1B}"
EndProject
Project("{2150E333-8FDC-42A3-9474-1A3956D46DE8}") = "Extensions", "Extensions", "{186217F8-D943-41F5-9565-A095C1A31E58}"
EndProject
Project("{2150E333-8FDC-42A3-9474-1A3956D46DE8}") = "AssetManagement", "AssetManagement", "{24DB023E-5B91-400E-B80B-3D82B03B662F}"
EndProject
Project("{9A19103F-16F7-4668-BE54-9A1E7A4F7556}") = "AssetManagement.Core", "FlemStudio\AssetManagement\AssetManagement.Core\AssetManagement.Core.csproj", "{6CD9A5E1-F045-49F5-B0EA-4763B65FB83F}"
EndProject
Project("{2150E333-8FDC-42A3-9474-1A3956D46DE8}") = "ProjectManagement", "ProjectManagement", "{928C987A-0945-481B-A2F6-E32C1BE1B0E6}"
EndProject
Project("{9A19103F-16F7-4668-BE54-9A1E7A4F7556}") = "ProjectManagement.Core", "FlemStudio\ProjectManagement\ProjectManagement.Core\ProjectManagement.Core.csproj", "{3B1E743B-3DBD-4E40-87A3-527B3C3BA085}"
EndProject
Project("{2150E333-8FDC-42A3-9474-1A3956D46DE8}") = "ExtensionManagement", "ExtensionManagement", "{20E5B9B4-000A-494F-92BE-C8766DC28A3F}"
EndProject
Project("{9A19103F-16F7-4668-BE54-9A1E7A4F7556}") = "ExtensionManagement.Core", "FlemStudio\ExtensionManagement\ExtensionManagement.Core\ExtensionManagement.Core.csproj", "{CCCD3B16-09FA-406E-B651-5BFD0FDCE342}"
EndProject
Project("{9A19103F-16F7-4668-BE54-9A1E7A4F7556}") = "ExtensionManagement.CLI", "FlemStudio\ExtensionManagement\ExtensionManagement.CLI\ExtensionManagement.CLI.csproj", "{41B8D13F-210A-4750-AB23-7653A4E96943}"
EndProject
Project("{2150E333-8FDC-42A3-9474-1A3956D46DE8}") = "Test", "Test", "{BDE36E10-F25A-464E-BD70-E1196C377C3C}"
EndProject
Project("{9A19103F-16F7-4668-BE54-9A1E7A4F7556}") = "TestExtension.Core", "Extensions\Test\TestExtension.Core\TestExtension.Core.csproj", "{7FE96F3F-F4F5-4DB1-9F25-21B801A70F69}"
EndProject
Project("{2150E333-8FDC-42A3-9474-1A3956D46DE8}") = "Projects", "Projects", "{499C2203-3CA8-4BF1-98CC-1167E0AAAE0F}"
EndProject
Project("{9A19103F-16F7-4668-BE54-9A1E7A4F7556}") = "Project.Core", "FlemStudio\Projects\Project.Core\Project.Core.csproj", "{147CDB39-54DA-4199-8355-03F3579E67C2}"
EndProject
Project("{9A19103F-16F7-4668-BE54-9A1E7A4F7556}") = "Project.CLI", "FlemStudio\Projects\Project.CLI\Project.CLI.csproj", "{55401749-8A72-4CA4-9FB5-331B61432B0D}"
EndProject
Project("{9A19103F-16F7-4668-BE54-9A1E7A4F7556}") = "ProjectManagement.CLI", "FlemStudio\ProjectManagement\ProjectManagement.CLI\ProjectManagement.CLI.csproj", "{AEBABF50-AA68-4E83-9653-34C168EBBCA8}"
EndProject
Project("{9A19103F-16F7-4668-BE54-9A1E7A4F7556}") = "TestExtension.CLI", "Extensions\Test\TestExtension.CLI\TestExtension.CLI.csproj", "{0A513AE7-6494-4B53-B4A9-998E61C8E07B}"
EndProject
Project("{9A19103F-16F7-4668-BE54-9A1E7A4F7556}") = "AssetManagement.CLI", "FlemStudio\AssetManagement\AssetManagement.CLI\AssetManagement.CLI.csproj", "{CA58D17E-2BB0-4C0A-BD97-23E3D2E35580}"
EndProject
Project("{9A19103F-16F7-4668-BE54-9A1E7A4F7556}") = "Project.Avalonia", "FlemStudio\Projects\Project.Avalonia\Project.Avalonia.csproj", "{3A26D3EE-65E3-45C2-94FF-D1A6EB2D5061}"
EndProject
Project("{9A19103F-16F7-4668-BE54-9A1E7A4F7556}") = "Project.Avalonia.Desktop", "FlemStudio\Projects\Project.Avalonia.Desktop\Project.Avalonia.Desktop.csproj", "{0A7EB268-7D59-405F-9387-8B8C9B31CE6D}"
EndProject
Project("{2150E333-8FDC-42A3-9474-1A3956D46DE8}") = "LayoutManagement", "LayoutManagement", "{5C50D23A-0EBF-475F-8524-5EB1538D1A74}"
EndProject
Project("{9A19103F-16F7-4668-BE54-9A1E7A4F7556}") = "LayoutManagement.Core", "FlemStudio\LayoutManagement\LayoutManagement.Core\LayoutManagement.Core.csproj", "{82879263-E343-4F09-9D50-3CF20B432EF3}"
EndProject
Project("{9A19103F-16F7-4668-BE54-9A1E7A4F7556}") = "Project.UI", "FlemStudio\Projects\Project.UI\Project.UI.csproj", "{A59F5E06-B0D5-48C8-9E6C-CA9667E42652}"
EndProject
Project("{9A19103F-16F7-4668-BE54-9A1E7A4F7556}") = "LayoutManagement.Avalonia", "FlemStudio\LayoutManagement\LayoutManagement.Avalonia\LayoutManagement.Avalonia.csproj", "{0D6FF166-2132-4511-9BDE-0242AD11EE8B}"
EndProject
Project("{9A19103F-16F7-4668-BE54-9A1E7A4F7556}") = "LayoutManagement.Avalonia.Desktop", "FlemStudio\LayoutManagement\LayoutManagement.Avalonia.Desktop\LayoutManagement.Avalonia.Desktop.csproj", "{7CBFD1BA-2BF1-46F6-9136-37291C2978C0}"
EndProject
Project("{2150E333-8FDC-42A3-9474-1A3956D46DE8}") = "Applications", "Applications", "{4D875A5A-B609-45E3-86FA-7C56B2961677}"
EndProject
Project("{2150E333-8FDC-42A3-9474-1A3956D46DE8}") = "AssetExplorer", "AssetExplorer", "{B6033561-2E56-4454-8070-F9BC34A5E49E}"
EndProject
Project("{9A19103F-16F7-4668-BE54-9A1E7A4F7556}") = "AssetExplorerApplication.Core", "FlemStudio\AssetManagement\Applications\AssetExplorer\AssetExplorerApplication.Core\AssetExplorerApplication.Core.csproj", "{6D0538F3-6F97-4639-BFAC-D0FDBD22F137}"
EndProject
Project("{9A19103F-16F7-4668-BE54-9A1E7A4F7556}") = "AssetExplorerApplication.Avalonia", "FlemStudio\AssetManagement\Applications\AssetExplorer\AssetExplorerApplication.Avalonia\AssetExplorerApplication.Avalonia.csproj", "{2072C570-CFE7-4CC4-936D-A71270BB5611}"
EndProject
Project("{9A19103F-16F7-4668-BE54-9A1E7A4F7556}") = "AssetExplorerApplication.Avalonia.Dsktp", "FlemStudio\AssetManagement\Applications\AssetExplorer\AssetExplorerApplication.Avalonia.Dsktp\AssetExplorerApplication.Avalonia.Dsktp.csproj", "{59C150E8-7D8C-40E8-BB96-B5AA5E8C4CC5}"
EndProject
Project("{9A19103F-16F7-4668-BE54-9A1E7A4F7556}") = "AssetManagement.Avalonia", "FlemStudio\AssetManagement\AssetManagement.Avalonia\AssetManagement.Avalonia.csproj", "{3B19AEE1-92BE-4904-AD91-E6EFCC4AC040}"
EndProject
Project("{9A19103F-16F7-4668-BE54-9A1E7A4F7556}") = "AssetManagement.Avalonia.Desktop", "FlemStudio\AssetManagement\AssetManagement.Avalonia.Desktop\AssetManagement.Avalonia.Desktop.csproj", "{6BE0F36A-89C5-4839-B698-3DB42967D836}"
EndProject
Project("{2150E333-8FDC-42A3-9474-1A3956D46DE8}") = "Applications", "Applications", "{669CAB74-2DC9-4401-97A6-A712B1FE4A4D}"
EndProject
Project("{9A19103F-16F7-4668-BE54-9A1E7A4F7556}") = "Application.Avalonia", "FlemStudio\Applications\Application.Avalonia\Application.Avalonia.csproj", "{14B8DE1A-7277-4453-8A47-89B4094FA586}"
EndProject
Project("{2150E333-8FDC-42A3-9474-1A3956D46DE8}") = "Images", "Images", "{C8265D7B-B8BF-4BC4-AC28-81863B8C1D32}"
EndProject
Project("{FAE04EC0-301F-11D3-BF4B-00C04F79EFBC}") = "ImagesExtension.Core", "Extensions\Images\ImagesExtension.Core\ImagesExtension.Core.csproj", "{574B29D6-9E00-4BD6-AAD6-AEFB8893CC12}"
EndProject
Global
	GlobalSection(SolutionConfigurationPlatforms) = preSolution
		Debug|Any CPU = Debug|Any CPU
		Release|Any CPU = Release|Any CPU
	EndGlobalSection
	GlobalSection(ProjectConfigurationPlatforms) = postSolution
		{6CD9A5E1-F045-49F5-B0EA-4763B65FB83F}.Debug|Any CPU.ActiveCfg = Debug|Any CPU
		{6CD9A5E1-F045-49F5-B0EA-4763B65FB83F}.Debug|Any CPU.Build.0 = Debug|Any CPU
		{6CD9A5E1-F045-49F5-B0EA-4763B65FB83F}.Release|Any CPU.ActiveCfg = Release|Any CPU
		{6CD9A5E1-F045-49F5-B0EA-4763B65FB83F}.Release|Any CPU.Build.0 = Release|Any CPU
		{3B1E743B-3DBD-4E40-87A3-527B3C3BA085}.Debug|Any CPU.ActiveCfg = Debug|Any CPU
		{3B1E743B-3DBD-4E40-87A3-527B3C3BA085}.Debug|Any CPU.Build.0 = Debug|Any CPU
		{3B1E743B-3DBD-4E40-87A3-527B3C3BA085}.Release|Any CPU.ActiveCfg = Release|Any CPU
		{3B1E743B-3DBD-4E40-87A3-527B3C3BA085}.Release|Any CPU.Build.0 = Release|Any CPU
		{CCCD3B16-09FA-406E-B651-5BFD0FDCE342}.Debug|Any CPU.ActiveCfg = Debug|Any CPU
		{CCCD3B16-09FA-406E-B651-5BFD0FDCE342}.Debug|Any CPU.Build.0 = Debug|Any CPU
		{CCCD3B16-09FA-406E-B651-5BFD0FDCE342}.Release|Any CPU.ActiveCfg = Release|Any CPU
		{CCCD3B16-09FA-406E-B651-5BFD0FDCE342}.Release|Any CPU.Build.0 = Release|Any CPU
		{41B8D13F-210A-4750-AB23-7653A4E96943}.Debug|Any CPU.ActiveCfg = Debug|Any CPU
		{41B8D13F-210A-4750-AB23-7653A4E96943}.Debug|Any CPU.Build.0 = Debug|Any CPU
		{41B8D13F-210A-4750-AB23-7653A4E96943}.Release|Any CPU.ActiveCfg = Release|Any CPU
		{41B8D13F-210A-4750-AB23-7653A4E96943}.Release|Any CPU.Build.0 = Release|Any CPU
		{7FE96F3F-F4F5-4DB1-9F25-21B801A70F69}.Debug|Any CPU.ActiveCfg = Debug|Any CPU
		{7FE96F3F-F4F5-4DB1-9F25-21B801A70F69}.Debug|Any CPU.Build.0 = Debug|Any CPU
		{7FE96F3F-F4F5-4DB1-9F25-21B801A70F69}.Release|Any CPU.ActiveCfg = Release|Any CPU
		{7FE96F3F-F4F5-4DB1-9F25-21B801A70F69}.Release|Any CPU.Build.0 = Release|Any CPU
		{147CDB39-54DA-4199-8355-03F3579E67C2}.Debug|Any CPU.ActiveCfg = Debug|Any CPU
		{147CDB39-54DA-4199-8355-03F3579E67C2}.Debug|Any CPU.Build.0 = Debug|Any CPU
		{147CDB39-54DA-4199-8355-03F3579E67C2}.Release|Any CPU.ActiveCfg = Release|Any CPU
		{147CDB39-54DA-4199-8355-03F3579E67C2}.Release|Any CPU.Build.0 = Release|Any CPU
		{55401749-8A72-4CA4-9FB5-331B61432B0D}.Debug|Any CPU.ActiveCfg = Debug|Any CPU
		{55401749-8A72-4CA4-9FB5-331B61432B0D}.Debug|Any CPU.Build.0 = Debug|Any CPU
		{55401749-8A72-4CA4-9FB5-331B61432B0D}.Release|Any CPU.ActiveCfg = Release|Any CPU
		{55401749-8A72-4CA4-9FB5-331B61432B0D}.Release|Any CPU.Build.0 = Release|Any CPU
		{AEBABF50-AA68-4E83-9653-34C168EBBCA8}.Debug|Any CPU.ActiveCfg = Debug|Any CPU
		{AEBABF50-AA68-4E83-9653-34C168EBBCA8}.Debug|Any CPU.Build.0 = Debug|Any CPU
		{AEBABF50-AA68-4E83-9653-34C168EBBCA8}.Release|Any CPU.ActiveCfg = Release|Any CPU
		{AEBABF50-AA68-4E83-9653-34C168EBBCA8}.Release|Any CPU.Build.0 = Release|Any CPU
		{0A513AE7-6494-4B53-B4A9-998E61C8E07B}.Debug|Any CPU.ActiveCfg = Debug|Any CPU
		{0A513AE7-6494-4B53-B4A9-998E61C8E07B}.Debug|Any CPU.Build.0 = Debug|Any CPU
		{0A513AE7-6494-4B53-B4A9-998E61C8E07B}.Release|Any CPU.ActiveCfg = Release|Any CPU
		{0A513AE7-6494-4B53-B4A9-998E61C8E07B}.Release|Any CPU.Build.0 = Release|Any CPU
		{CA58D17E-2BB0-4C0A-BD97-23E3D2E35580}.Debug|Any CPU.ActiveCfg = Debug|Any CPU
		{CA58D17E-2BB0-4C0A-BD97-23E3D2E35580}.Debug|Any CPU.Build.0 = Debug|Any CPU
		{CA58D17E-2BB0-4C0A-BD97-23E3D2E35580}.Release|Any CPU.ActiveCfg = Release|Any CPU
		{CA58D17E-2BB0-4C0A-BD97-23E3D2E35580}.Release|Any CPU.Build.0 = Release|Any CPU
		{3A26D3EE-65E3-45C2-94FF-D1A6EB2D5061}.Debug|Any CPU.ActiveCfg = Debug|Any CPU
		{3A26D3EE-65E3-45C2-94FF-D1A6EB2D5061}.Debug|Any CPU.Build.0 = Debug|Any CPU
		{3A26D3EE-65E3-45C2-94FF-D1A6EB2D5061}.Release|Any CPU.ActiveCfg = Release|Any CPU
		{3A26D3EE-65E3-45C2-94FF-D1A6EB2D5061}.Release|Any CPU.Build.0 = Release|Any CPU
		{0A7EB268-7D59-405F-9387-8B8C9B31CE6D}.Debug|Any CPU.ActiveCfg = Debug|Any CPU
		{0A7EB268-7D59-405F-9387-8B8C9B31CE6D}.Debug|Any CPU.Build.0 = Debug|Any CPU
		{0A7EB268-7D59-405F-9387-8B8C9B31CE6D}.Release|Any CPU.ActiveCfg = Release|Any CPU
		{0A7EB268-7D59-405F-9387-8B8C9B31CE6D}.Release|Any CPU.Build.0 = Release|Any CPU
		{82879263-E343-4F09-9D50-3CF20B432EF3}.Debug|Any CPU.ActiveCfg = Debug|Any CPU
		{82879263-E343-4F09-9D50-3CF20B432EF3}.Debug|Any CPU.Build.0 = Debug|Any CPU
		{82879263-E343-4F09-9D50-3CF20B432EF3}.Release|Any CPU.ActiveCfg = Release|Any CPU
		{82879263-E343-4F09-9D50-3CF20B432EF3}.Release|Any CPU.Build.0 = Release|Any CPU
		{A59F5E06-B0D5-48C8-9E6C-CA9667E42652}.Debug|Any CPU.ActiveCfg = Debug|Any CPU
		{A59F5E06-B0D5-48C8-9E6C-CA9667E42652}.Debug|Any CPU.Build.0 = Debug|Any CPU
		{A59F5E06-B0D5-48C8-9E6C-CA9667E42652}.Release|Any CPU.ActiveCfg = Release|Any CPU
		{A59F5E06-B0D5-48C8-9E6C-CA9667E42652}.Release|Any CPU.Build.0 = Release|Any CPU
		{0D6FF166-2132-4511-9BDE-0242AD11EE8B}.Debug|Any CPU.ActiveCfg = Debug|Any CPU
		{0D6FF166-2132-4511-9BDE-0242AD11EE8B}.Debug|Any CPU.Build.0 = Debug|Any CPU
		{0D6FF166-2132-4511-9BDE-0242AD11EE8B}.Release|Any CPU.ActiveCfg = Release|Any CPU
		{0D6FF166-2132-4511-9BDE-0242AD11EE8B}.Release|Any CPU.Build.0 = Release|Any CPU
		{7CBFD1BA-2BF1-46F6-9136-37291C2978C0}.Debug|Any CPU.ActiveCfg = Debug|Any CPU
		{7CBFD1BA-2BF1-46F6-9136-37291C2978C0}.Debug|Any CPU.Build.0 = Debug|Any CPU
		{7CBFD1BA-2BF1-46F6-9136-37291C2978C0}.Release|Any CPU.ActiveCfg = Release|Any CPU
		{7CBFD1BA-2BF1-46F6-9136-37291C2978C0}.Release|Any CPU.Build.0 = Release|Any CPU
		{6D0538F3-6F97-4639-BFAC-D0FDBD22F137}.Debug|Any CPU.ActiveCfg = Debug|Any CPU
		{6D0538F3-6F97-4639-BFAC-D0FDBD22F137}.Debug|Any CPU.Build.0 = Debug|Any CPU
		{6D0538F3-6F97-4639-BFAC-D0FDBD22F137}.Release|Any CPU.ActiveCfg = Release|Any CPU
		{6D0538F3-6F97-4639-BFAC-D0FDBD22F137}.Release|Any CPU.Build.0 = Release|Any CPU
		{2072C570-CFE7-4CC4-936D-A71270BB5611}.Debug|Any CPU.ActiveCfg = Debug|Any CPU
		{2072C570-CFE7-4CC4-936D-A71270BB5611}.Debug|Any CPU.Build.0 = Debug|Any CPU
		{2072C570-CFE7-4CC4-936D-A71270BB5611}.Release|Any CPU.ActiveCfg = Release|Any CPU
		{2072C570-CFE7-4CC4-936D-A71270BB5611}.Release|Any CPU.Build.0 = Release|Any CPU
		{59C150E8-7D8C-40E8-BB96-B5AA5E8C4CC5}.Debug|Any CPU.ActiveCfg = Debug|Any CPU
		{59C150E8-7D8C-40E8-BB96-B5AA5E8C4CC5}.Debug|Any CPU.Build.0 = Debug|Any CPU
		{59C150E8-7D8C-40E8-BB96-B5AA5E8C4CC5}.Release|Any CPU.ActiveCfg = Release|Any CPU
		{59C150E8-7D8C-40E8-BB96-B5AA5E8C4CC5}.Release|Any CPU.Build.0 = Release|Any CPU
		{3B19AEE1-92BE-4904-AD91-E6EFCC4AC040}.Debug|Any CPU.ActiveCfg = Debug|Any CPU
		{3B19AEE1-92BE-4904-AD91-E6EFCC4AC040}.Debug|Any CPU.Build.0 = Debug|Any CPU
		{3B19AEE1-92BE-4904-AD91-E6EFCC4AC040}.Release|Any CPU.ActiveCfg = Release|Any CPU
		{3B19AEE1-92BE-4904-AD91-E6EFCC4AC040}.Release|Any CPU.Build.0 = Release|Any CPU
		{6BE0F36A-89C5-4839-B698-3DB42967D836}.Debug|Any CPU.ActiveCfg = Debug|Any CPU
		{6BE0F36A-89C5-4839-B698-3DB42967D836}.Debug|Any CPU.Build.0 = Debug|Any CPU
		{6BE0F36A-89C5-4839-B698-3DB42967D836}.Release|Any CPU.ActiveCfg = Release|Any CPU
		{6BE0F36A-89C5-4839-B698-3DB42967D836}.Release|Any CPU.Build.0 = Release|Any CPU
		{14B8DE1A-7277-4453-8A47-89B4094FA586}.Debug|Any CPU.ActiveCfg = Debug|Any CPU
		{14B8DE1A-7277-4453-8A47-89B4094FA586}.Debug|Any CPU.Build.0 = Debug|Any CPU
		{14B8DE1A-7277-4453-8A47-89B4094FA586}.Release|Any CPU.ActiveCfg = Release|Any CPU
		{14B8DE1A-7277-4453-8A47-89B4094FA586}.Release|Any CPU.Build.0 = Release|Any CPU
		{574B29D6-9E00-4BD6-AAD6-AEFB8893CC12}.Debug|Any CPU.ActiveCfg = Debug|Any CPU
		{574B29D6-9E00-4BD6-AAD6-AEFB8893CC12}.Debug|Any CPU.Build.0 = Debug|Any CPU
		{574B29D6-9E00-4BD6-AAD6-AEFB8893CC12}.Release|Any CPU.ActiveCfg = Release|Any CPU
		{574B29D6-9E00-4BD6-AAD6-AEFB8893CC12}.Release|Any CPU.Build.0 = Release|Any CPU
	EndGlobalSection
	GlobalSection(SolutionProperties) = preSolution
		HideSolutionNode = FALSE
	EndGlobalSection
	GlobalSection(NestedProjects) = preSolution
		{24DB023E-5B91-400E-B80B-3D82B03B662F} = {C1D0A7A6-6AD7-4F66-B18D-12B41C92EE1B}
		{6CD9A5E1-F045-49F5-B0EA-4763B65FB83F} = {24DB023E-5B91-400E-B80B-3D82B03B662F}
		{928C987A-0945-481B-A2F6-E32C1BE1B0E6} = {C1D0A7A6-6AD7-4F66-B18D-12B41C92EE1B}
		{3B1E743B-3DBD-4E40-87A3-527B3C3BA085} = {928C987A-0945-481B-A2F6-E32C1BE1B0E6}
		{20E5B9B4-000A-494F-92BE-C8766DC28A3F} = {C1D0A7A6-6AD7-4F66-B18D-12B41C92EE1B}
		{CCCD3B16-09FA-406E-B651-5BFD0FDCE342} = {20E5B9B4-000A-494F-92BE-C8766DC28A3F}
		{41B8D13F-210A-4750-AB23-7653A4E96943} = {20E5B9B4-000A-494F-92BE-C8766DC28A3F}
		{BDE36E10-F25A-464E-BD70-E1196C377C3C} = {186217F8-D943-41F5-9565-A095C1A31E58}
		{7FE96F3F-F4F5-4DB1-9F25-21B801A70F69} = {BDE36E10-F25A-464E-BD70-E1196C377C3C}
		{499C2203-3CA8-4BF1-98CC-1167E0AAAE0F} = {C1D0A7A6-6AD7-4F66-B18D-12B41C92EE1B}
		{147CDB39-54DA-4199-8355-03F3579E67C2} = {499C2203-3CA8-4BF1-98CC-1167E0AAAE0F}
		{55401749-8A72-4CA4-9FB5-331B61432B0D} = {499C2203-3CA8-4BF1-98CC-1167E0AAAE0F}
		{AEBABF50-AA68-4E83-9653-34C168EBBCA8} = {928C987A-0945-481B-A2F6-E32C1BE1B0E6}
		{0A513AE7-6494-4B53-B4A9-998E61C8E07B} = {BDE36E10-F25A-464E-BD70-E1196C377C3C}
		{CA58D17E-2BB0-4C0A-BD97-23E3D2E35580} = {24DB023E-5B91-400E-B80B-3D82B03B662F}
		{3A26D3EE-65E3-45C2-94FF-D1A6EB2D5061} = {499C2203-3CA8-4BF1-98CC-1167E0AAAE0F}
		{0A7EB268-7D59-405F-9387-8B8C9B31CE6D} = {499C2203-3CA8-4BF1-98CC-1167E0AAAE0F}
		{5C50D23A-0EBF-475F-8524-5EB1538D1A74} = {C1D0A7A6-6AD7-4F66-B18D-12B41C92EE1B}
		{82879263-E343-4F09-9D50-3CF20B432EF3} = {5C50D23A-0EBF-475F-8524-5EB1538D1A74}
		{A59F5E06-B0D5-48C8-9E6C-CA9667E42652} = {499C2203-3CA8-4BF1-98CC-1167E0AAAE0F}
		{0D6FF166-2132-4511-9BDE-0242AD11EE8B} = {5C50D23A-0EBF-475F-8524-5EB1538D1A74}
		{7CBFD1BA-2BF1-46F6-9136-37291C2978C0} = {5C50D23A-0EBF-475F-8524-5EB1538D1A74}
		{4D875A5A-B609-45E3-86FA-7C56B2961677} = {24DB023E-5B91-400E-B80B-3D82B03B662F}
		{B6033561-2E56-4454-8070-F9BC34A5E49E} = {4D875A5A-B609-45E3-86FA-7C56B2961677}
		{6D0538F3-6F97-4639-BFAC-D0FDBD22F137} = {B6033561-2E56-4454-8070-F9BC34A5E49E}
		{2072C570-CFE7-4CC4-936D-A71270BB5611} = {B6033561-2E56-4454-8070-F9BC34A5E49E}
		{59C150E8-7D8C-40E8-BB96-B5AA5E8C4CC5} = {B6033561-2E56-4454-8070-F9BC34A5E49E}
		{3B19AEE1-92BE-4904-AD91-E6EFCC4AC040} = {24DB023E-5B91-400E-B80B-3D82B03B662F}
		{6BE0F36A-89C5-4839-B698-3DB42967D836} = {24DB023E-5B91-400E-B80B-3D82B03B662F}
		{669CAB74-2DC9-4401-97A6-A712B1FE4A4D} = {C1D0A7A6-6AD7-4F66-B18D-12B41C92EE1B}
		{14B8DE1A-7277-4453-8A47-89B4094FA586} = {669CAB74-2DC9-4401-97A6-A712B1FE4A4D}
		{C8265D7B-B8BF-4BC4-AC28-81863B8C1D32} = {186217F8-D943-41F5-9565-A095C1A31E58}
		{574B29D6-9E00-4BD6-AAD6-AEFB8893CC12} = {C8265D7B-B8BF-4BC4-AC28-81863B8C1D32}
	EndGlobalSection
	GlobalSection(ExtensibilityGlobals) = postSolution
		SolutionGuid = {A3BE9375-F9E1-41BE-AA32-C58D756A1CAB}
	EndGlobalSection
EndGlobal
